
Microsoft Visual Studio Solution File, Format Version 12.00
# Visual Studio Version 17
VisualStudioVersion = 17.3.32901.215
MinimumVisualStudioVersion = 10.0.40219.1
Project("{FAE04EC0-301F-11D3-BF4B-00C04F79EFBC}") = "odnoklassniki", "odnoklassniki\odnoklassniki.csproj", "{A664F9D0-63A1-47F0-A220-048D4C4A3CD2}"
EndProject
Global
	GlobalSection(SolutionConfigurationPlatforms) = preSolution
		Debug|Any CPU = Debug|Any CPU
		Release|Any CPU = Release|Any CPU
	EndGlobalSection
	GlobalSection(ProjectConfigurationPlatforms) = postSolution
		{A664F9D0-63A1-47F0-A220-048D4C4A3CD2}.Debug|Any CPU.ActiveCfg = Debug|Any CPU
		{A664F9D0-63A1-47F0-A220-048D4C4A3CD2}.Debug|Any CPU.Build.0 = Debug|Any CPU
		{A664F9D0-63A1-47F0-A220-048D4C4A3CD2}.Release|Any CPU.ActiveCfg = Release|Any CPU
		{A664F9D0-63A1-47F0-A220-048D4C4A3CD2}.Release|Any CPU.Build.0 = Release|Any CPU
	EndGlobalSection
	GlobalSection(SolutionProperties) = preSolution
		HideSolutionNode = FALSE
	EndGlobalSection
	GlobalSection(ExtensibilityGlobals) = postSolution
		SolutionGuid = {D586FD0B-0B7B-48FA-95DE-DF0908208FEC}
	EndGlobalSection
EndGlobal
